
Microsoft Visual Studio Solution File, Format Version 12.00
# Visual Studio 14
VisualStudioVersion = 14.0.24720.0
MinimumVisualStudioVersion = 10.0.40219.1
Project("{FAE04EC0-301F-11D3-BF4B-00C04F79EFBC}") = "Ylesanne_14", "Ylesanne_14\Ylesanne_14.csproj", "{E219A631-34DC-4B99-9B48-F5D2DA672EA5}"
EndProject
Global
	GlobalSection(SolutionConfigurationPlatforms) = preSolution
		Debug|Any CPU = Debug|Any CPU
		Release|Any CPU = Release|Any CPU
	EndGlobalSection
	GlobalSection(ProjectConfigurationPlatforms) = postSolution
		{E219A631-34DC-4B99-9B48-F5D2DA672EA5}.Debug|Any CPU.ActiveCfg = Debug|Any CPU
		{E219A631-34DC-4B99-9B48-F5D2DA672EA5}.Debug|Any CPU.Build.0 = Debug|Any CPU
		{E219A631-34DC-4B99-9B48-F5D2DA672EA5}.Release|Any CPU.ActiveCfg = Release|Any CPU
		{E219A631-34DC-4B99-9B48-F5D2DA672EA5}.Release|Any CPU.Build.0 = Release|Any CPU
	EndGlobalSection
	GlobalSection(SolutionProperties) = preSolution
		HideSolutionNode = FALSE
	EndGlobalSection
EndGlobal
